
Microsoft Visual Studio Solution File, Format Version 12.00
# Visual Studio 2013
VisualStudioVersion = 12.0.31101.0
MinimumVisualStudioVersion = 10.0.40219.1
Project("{FAE04EC0-301F-11D3-BF4B-00C04F79EFBC}") = "UvaWeb", "UvaWeb\UvaWeb.csproj", "{933FC9BB-D553-4C01-89F2-CB8EE3204349}"
EndProject
Project("{FAE04EC0-301F-11D3-BF4B-00C04F79EFBC}") = "Repository", "Repository\Repository.csproj", "{70C60937-5890-47E5-9F5A-E1D54CED4058}"
EndProject
Global
	GlobalSection(TeamFoundationVersionControl) = preSolution
		SccNumberOfProjects = 3
		SccEnterpriseProvider = {4CA58AB2-18FA-4F8D-95D4-32DDF27D184C}
		SccTeamFoundationServer = https://warehousemanagement.visualstudio.com/defaultcollection
		SccLocalPath0 = .
		SccProjectUniqueName1 = UvaWeb\\UvaWeb.csproj
		SccProjectName1 = UvaWeb
		SccLocalPath1 = UvaWeb
		SccProjectUniqueName2 = Repository\\Repository.csproj
		SccProjectName2 = Repository
		SccLocalPath2 = Repository
	EndGlobalSection
	GlobalSection(SolutionConfigurationPlatforms) = preSolution
		Debug|Any CPU = Debug|Any CPU
		Release|Any CPU = Release|Any CPU
	EndGlobalSection
	GlobalSection(ProjectConfigurationPlatforms) = postSolution
		{933FC9BB-D553-4C01-89F2-CB8EE3204349}.Debug|Any CPU.ActiveCfg = Debug|Any CPU
		{933FC9BB-D553-4C01-89F2-CB8EE3204349}.Debug|Any CPU.Build.0 = Debug|Any CPU
		{933FC9BB-D553-4C01-89F2-CB8EE3204349}.Release|Any CPU.ActiveCfg = Release|Any CPU
		{933FC9BB-D553-4C01-89F2-CB8EE3204349}.Release|Any CPU.Build.0 = Release|Any CPU
		{70C60937-5890-47E5-9F5A-E1D54CED4058}.Debug|Any CPU.ActiveCfg = Debug|Any CPU
		{70C60937-5890-47E5-9F5A-E1D54CED4058}.Debug|Any CPU.Build.0 = Debug|Any CPU
		{70C60937-5890-47E5-9F5A-E1D54CED4058}.Release|Any CPU.ActiveCfg = Release|Any CPU
		{70C60937-5890-47E5-9F5A-E1D54CED4058}.Release|Any CPU.Build.0 = Release|Any CPU
	EndGlobalSection
	GlobalSection(SolutionProperties) = preSolution
		HideSolutionNode = FALSE
	EndGlobalSection
EndGlobal
